
Microsoft Visual Studio Solution File, Format Version 12.00
# Visual Studio Version 17
VisualStudioVersion = 17.14.36518.9 d17.14
MinimumVisualStudioVersion = 10.0.40219.1
Project("{FAE04EC0-301F-11D3-BF4B-00C04F79EFBC}") = "dnmgithbuactionsdemo", "dnmgithbuactionsdemo.csproj", "{98C75E8A-3BD8-4E96-8156-6B0ADB23886C}"
EndProject
Global
	GlobalSection(SolutionConfigurationPlatforms) = preSolution
		Debug|Any CPU = Debug|Any CPU
		Release|Any CPU = Release|Any CPU
	EndGlobalSection
	GlobalSection(ProjectConfigurationPlatforms) = postSolution
		{98C75E8A-3BD8-4E96-8156-6B0ADB23886C}.Debug|Any CPU.ActiveCfg = Debug|Any CPU
		{98C75E8A-3BD8-4E96-8156-6B0ADB23886C}.Debug|Any CPU.Build.0 = Debug|Any CPU
		{98C75E8A-3BD8-4E96-8156-6B0ADB23886C}.Release|Any CPU.ActiveCfg = Release|Any CPU
		{98C75E8A-3BD8-4E96-8156-6B0ADB23886C}.Release|Any CPU.Build.0 = Release|Any CPU
	EndGlobalSection
	GlobalSection(SolutionProperties) = preSolution
		HideSolutionNode = FALSE
	EndGlobalSection
	GlobalSection(ExtensibilityGlobals) = postSolution
		SolutionGuid = {6D3AA2F1-3C89-40A8-8174-F5D2A89CCA6A}
	EndGlobalSection
EndGlobal
